
Microsoft Visual Studio Solution File, Format Version 12.00
# Visual Studio Version 17
VisualStudioVersion = 17.4.33403.182
MinimumVisualStudioVersion = 10.0.40219.1
Project("{FAE04EC0-301F-11D3-BF4B-00C04F79EFBC}") = "WebApplication2", "WebApplication2\WebApplication2.csproj", "{8D03B5D0-C3B1-47DA-9C61-EE622E53891D}"
EndProject
Global
	GlobalSection(SolutionConfigurationPlatforms) = preSolution
		Debug|Any CPU = Debug|Any CPU
		Release|Any CPU = Release|Any CPU
	EndGlobalSection
	GlobalSection(ProjectConfigurationPlatforms) = postSolution
		{8D03B5D0-C3B1-47DA-9C61-EE622E53891D}.Debug|Any CPU.ActiveCfg = Debug|Any CPU
		{8D03B5D0-C3B1-47DA-9C61-EE622E53891D}.Debug|Any CPU.Build.0 = Debug|Any CPU
		{8D03B5D0-C3B1-47DA-9C61-EE622E53891D}.Release|Any CPU.ActiveCfg = Release|Any CPU
		{8D03B5D0-C3B1-47DA-9C61-EE622E53891D}.Release|Any CPU.Build.0 = Release|Any CPU
	EndGlobalSection
	GlobalSection(SolutionProperties) = preSolution
		HideSolutionNode = FALSE
	EndGlobalSection
	GlobalSection(ExtensibilityGlobals) = postSolution
		SolutionGuid = {A7A09499-732A-4B7F-B956-5C419B3DB991}
	EndGlobalSection
EndGlobal
